// !$*UTF8*$!
{
	archiveVersion = 1;
	classes = {
	};
	objectVersion = 51;
	objects = {

/* Begin PBXBuildFile section */
		385C5CFF246D28A700C962C0 /* CategoryViewController.swift in Sources */ = {isa = PBXBuildFile; fileRef = 385C5CFE246D28A700C962C0 /* CategoryViewController.swift */; };
		8A0942B3DFC291416E0A0A5A /* Pods_Demo.framework in Frameworks */ = {isa = PBXBuildFile; fileRef = 8A8E5BE967FF700C5D34FF22 /* Pods_Demo.framework */; };
		ED32B963246998F100718F36 /* IndicatorViewController.swift in Sources */ = {isa = PBXBuildFile; fileRef = ED32B962246998F000718F36 /* IndicatorViewController.swift */; };
		ED32B9652469990300718F36 /* NoDataViewController.swift in Sources */ = {isa = PBXBuildFile; fileRef = ED32B9642469990300718F36 /* NoDataViewController.swift */; };
		ED4B6593246C36A1008583B6 /* ButtonViewController.swift in Sources */ = {isa = PBXBuildFile; fileRef = ED4B6592246C36A1008583B6 /* ButtonViewController.swift */; };
		ED4B6598246C3D73008583B6 /* DashViewController.swift in Sources */ = {isa = PBXBuildFile; fileRef = ED4B6597246C3D73008583B6 /* DashViewController.swift */; };
		ED4B659A246C459B008583B6 /* GradientViewController.swift in Sources */ = {isa = PBXBuildFile; fileRef = ED4B6599246C459B008583B6 /* GradientViewController.swift */; };
		EDA7F558245FDF5D0027A569 /* AppDelegate.swift in Sources */ = {isa = PBXBuildFile; fileRef = EDA7F557245FDF5D0027A569 /* AppDelegate.swift */; };
		EDA7F55A245FDF5D0027A569 /* SceneDelegate.swift in Sources */ = {isa = PBXBuildFile; fileRef = EDA7F559245FDF5D0027A569 /* SceneDelegate.swift */; };
		EDA7F55C245FDF5D0027A569 /* ViewController.swift in Sources */ = {isa = PBXBuildFile; fileRef = EDA7F55B245FDF5D0027A569 /* ViewController.swift */; };
		EDA7F55F245FDF5D0027A569 /* Main.storyboard in Resources */ = {isa = PBXBuildFile; fileRef = EDA7F55D245FDF5D0027A569 /* Main.storyboard */; };
		EDA7F561245FDF620027A569 /* Assets.xcassets in Resources */ = {isa = PBXBuildFile; fileRef = EDA7F560245FDF620027A569 /* Assets.xcassets */; };
		EDA7F564245FDF620027A569 /* LaunchScreen.storyboard in Resources */ = {isa = PBXBuildFile; fileRef = EDA7F562245FDF620027A569 /* LaunchScreen.storyboard */; };
		EDA7F56C245FDFFB0027A569 /* BaseKit.framework in Frameworks */ = {isa = PBXBuildFile; fileRef = EDA7F56B245FDFFB0027A569 /* BaseKit.framework */; };
		EDA7F56D245FDFFB0027A569 /* BaseKit.framework in Embed Frameworks */ = {isa = PBXBuildFile; fileRef = EDA7F56B245FDFFB0027A569 /* BaseKit.framework */; settings = {ATTRIBUTES = (CodeSignOnCopy, RemoveHeadersOnCopy, ); }; };
/* End PBXBuildFile section */

/* Begin PBXCopyFilesBuildPhase section */
		EDA7F56E245FDFFC0027A569 /* Embed Frameworks */ = {
			isa = PBXCopyFilesBuildPhase;
			buildActionMask = 2147483647;
			dstPath = "";
			dstSubfolderSpec = 10;
			files = (
				EDA7F56D245FDFFB0027A569 /* BaseKit.framework in Embed Frameworks */,
			);
			name = "Embed Frameworks";
			runOnlyForDeploymentPostprocessing = 0;
		};
/* End PBXCopyFilesBuildPhase section */

/* Begin PBXFileReference section */
		27C6D0CC088F5A0C2CD6C395 /* Pods-Demo.release.xcconfig */ = {isa = PBXFileReference; includeInIndex = 1; lastKnownFileType = text.xcconfig; name = "Pods-Demo.release.xcconfig"; path = "Target Support Files/Pods-Demo/Pods-Demo.release.xcconfig"; sourceTree = "<group>"; };
		381818F22473747100185804 /* PrefixHeader.h */ = {isa = PBXFileReference; lastKnownFileType = sourcecode.c.h; path = PrefixHeader.h; sourceTree = "<group>"; };
		385C5CFE246D28A700C962C0 /* CategoryViewController.swift */ = {isa = PBXFileReference; lastKnownFileType = sourcecode.swift; path = CategoryViewController.swift; sourceTree = "<group>"; };
		8A8E5BE967FF700C5D34FF22 /* Pods_Demo.framework */ = {isa = PBXFileReference; explicitFileType = wrapper.framework; includeInIndex = 0; path = Pods_Demo.framework; sourceTree = BUILT_PRODUCTS_DIR; };
		C61C1DB3F683BF6722E09332 /* Pods-Demo.debug.xcconfig */ = {isa = PBXFileReference; includeInIndex = 1; lastKnownFileType = text.xcconfig; name = "Pods-Demo.debug.xcconfig"; path = "Target Support Files/Pods-Demo/Pods-Demo.debug.xcconfig"; sourceTree = "<group>"; };
		ED32B962246998F000718F36 /* IndicatorViewController.swift */ = {isa = PBXFileReference; lastKnownFileType = sourcecode.swift; path = IndicatorViewController.swift; sourceTree = "<group>"; };
		ED32B9642469990300718F36 /* NoDataViewController.swift */ = {isa = PBXFileReference; lastKnownFileType = sourcecode.swift; path = NoDataViewController.swift; sourceTree = "<group>"; };
		ED4B6592246C36A1008583B6 /* ButtonViewController.swift */ = {isa = PBXFileReference; lastKnownFileType = sourcecode.swift; path = ButtonViewController.swift; sourceTree = "<group>"; };
		ED4B6597246C3D73008583B6 /* DashViewController.swift */ = {isa = PBXFileReference; lastKnownFileType = sourcecode.swift; path = DashViewController.swift; sourceTree = "<group>"; };
		ED4B6599246C459B008583B6 /* GradientViewController.swift */ = {isa = PBXFileReference; lastKnownFileType = sourcecode.swift; path = GradientViewController.swift; sourceTree = "<group>"; };
		EDA7F554245FDF5D0027A569 /* Demo.app */ = {isa = PBXFileReference; explicitFileType = wrapper.application; includeInIndex = 0; path = Demo.app; sourceTree = BUILT_PRODUCTS_DIR; };
		EDA7F557245FDF5D0027A569 /* AppDelegate.swift */ = {isa = PBXFileReference; lastKnownFileType = sourcecode.swift; path = AppDelegate.swift; sourceTree = "<group>"; };
		EDA7F559245FDF5D0027A569 /* SceneDelegate.swift */ = {isa = PBXFileReference; lastKnownFileType = sourcecode.swift; path = SceneDelegate.swift; sourceTree = "<group>"; };
		EDA7F55B245FDF5D0027A569 /* ViewController.swift */ = {isa = PBXFileReference; lastKnownFileType = sourcecode.swift; path = ViewController.swift; sourceTree = "<group>"; };
		EDA7F55E245FDF5D0027A569 /* Base */ = {isa = PBXFileReference; lastKnownFileType = file.storyboard; name = Base; path = Base.lproj/Main.storyboard; sourceTree = "<group>"; };
		EDA7F560245FDF620027A569 /* Assets.xcassets */ = {isa = PBXFileReference; lastKnownFileType = folder.assetcatalog; path = Assets.xcassets; sourceTree = "<group>"; };
		EDA7F563245FDF620027A569 /* Base */ = {isa = PBXFileReference; lastKnownFileType = file.storyboard; name = Base; path = Base.lproj/LaunchScreen.storyboard; sourceTree = "<group>"; };
		EDA7F565245FDF620027A569 /* Info.plist */ = {isa = PBXFileReference; lastKnownFileType = text.plist.xml; path = Info.plist; sourceTree = "<group>"; };
		EDA7F56B245FDFFB0027A569 /* BaseKit.framework */ = {isa = PBXFileReference; explicitFileType = wrapper.framework; path = BaseKit.framework; sourceTree = BUILT_PRODUCTS_DIR; };
/* End PBXFileReference section */

/* Begin PBXFrameworksBuildPhase section */
		EDA7F551245FDF5D0027A569 /* Frameworks */ = {
			isa = PBXFrameworksBuildPhase;
			buildActionMask = 2147483647;
			files = (
				EDA7F56C245FDFFB0027A569 /* BaseKit.framework in Frameworks */,
				8A0942B3DFC291416E0A0A5A /* Pods_Demo.framework in Frameworks */,
			);
			runOnlyForDeploymentPostprocessing = 0;
		};
/* End PBXFrameworksBuildPhase section */

/* Begin PBXGroup section */
		8E3F916DB2AE5C168007F02D /* Frameworks */ = {
			isa = PBXGroup;
			children = (
				EDA7F56B245FDFFB0027A569 /* BaseKit.framework */,
				8A8E5BE967FF700C5D34FF22 /* Pods_Demo.framework */,
			);
			name = Frameworks;
			sourceTree = "<group>";
		};
		DCC0233385DCEA531AB19660 /* Pods */ = {
			isa = PBXGroup;
			children = (
				C61C1DB3F683BF6722E09332 /* Pods-Demo.debug.xcconfig */,
				27C6D0CC088F5A0C2CD6C395 /* Pods-Demo.release.xcconfig */,
			);
			name = Pods;
			path = ../Pods;
			sourceTree = "<group>";
		};
		EDA7F54B245FDF5D0027A569 = {
			isa = PBXGroup;
			children = (
				EDA7F556245FDF5D0027A569 /* Demo */,
				EDA7F555245FDF5D0027A569 /* Products */,
				DCC0233385DCEA531AB19660 /* Pods */,
				8E3F916DB2AE5C168007F02D /* Frameworks */,
			);
			sourceTree = "<group>";
		};
		EDA7F555245FDF5D0027A569 /* Products */ = {
			isa = PBXGroup;
			children = (
				EDA7F554245FDF5D0027A569 /* Demo.app */,
			);
			name = Products;
			sourceTree = "<group>";
		};
		EDA7F556245FDF5D0027A569 /* Demo */ = {
			isa = PBXGroup;
			children = (
				EDA7F557245FDF5D0027A569 /* AppDelegate.swift */,
				EDA7F559245FDF5D0027A569 /* SceneDelegate.swift */,
				EDA7F55B245FDF5D0027A569 /* ViewController.swift */,
				ED32B962246998F000718F36 /* IndicatorViewController.swift */,
				ED32B9642469990300718F36 /* NoDataViewController.swift */,
				ED4B6592246C36A1008583B6 /* ButtonViewController.swift */,
				ED4B6597246C3D73008583B6 /* DashViewController.swift */,
				ED4B6599246C459B008583B6 /* GradientViewController.swift */,
				385C5CFE246D28A700C962C0 /* CategoryViewController.swift */,
				EDA7F55D245FDF5D0027A569 /* Main.storyboard */,
				EDA7F560245FDF620027A569 /* Assets.xcassets */,
				EDA7F562245FDF620027A569 /* LaunchScreen.storyboard */,
				EDA7F565245FDF620027A569 /* Info.plist */,
				381818F22473747100185804 /* PrefixHeader.h */,
			);
			path = Demo;
			sourceTree = "<group>";
		};
/* End PBXGroup section */

/* Begin PBXNativeTarget section */
		EDA7F553245FDF5D0027A569 /* Demo */ = {
			isa = PBXNativeTarget;
			buildConfigurationList = EDA7F568245FDF620027A569 /* Build configuration list for PBXNativeTarget "Demo" */;
			buildPhases = (
				16D244D32CD01B9FDCED18FD /* [CP] Check Pods Manifest.lock */,
				EDA7F550245FDF5D0027A569 /* Sources */,
				EDA7F551245FDF5D0027A569 /* Frameworks */,
				EDA7F552245FDF5D0027A569 /* Resources */,
				EFA9F1361E633ADCDEF723BA /* [CP] Embed Pods Frameworks */,
				EDA7F56E245FDFFC0027A569 /* Embed Frameworks */,
			);
			buildRules = (
			);
			dependencies = (
			);
			name = Demo;
			productName = Demo;
			productReference = EDA7F554245FDF5D0027A569 /* Demo.app */;
			productType = "com.apple.product-type.application";
		};
/* End PBXNativeTarget section */

/* Begin PBXProject section */
		EDA7F54C245FDF5D0027A569 /* Project object */ = {
			isa = PBXProject;
			attributes = {
				LastSwiftUpdateCheck = 1140;
				LastUpgradeCheck = 1140;
				ORGANIZATIONNAME = iloc.cc;
				TargetAttributes = {
					EDA7F553245FDF5D0027A569 = {
						CreatedOnToolsVersion = 11.4;
					};
				};
			};
			buildConfigurationList = EDA7F54F245FDF5D0027A569 /* Build configuration list for PBXProject "Demo" */;
			compatibilityVersion = "Xcode 9.3";
			developmentRegion = en;
			hasScannedForEncodings = 0;
			knownRegions = (
				en,
				Base,
			);
			mainGroup = EDA7F54B245FDF5D0027A569;
			productRefGroup = EDA7F555245FDF5D0027A569 /* Products */;
			projectDirPath = "";
			projectRoot = "";
			targets = (
				EDA7F553245FDF5D0027A569 /* Demo */,
			);
		};
/* End PBXProject section */

/* Begin PBXResourcesBuildPhase section */
		EDA7F552245FDF5D0027A569 /* Resources */ = {
			isa = PBXResourcesBuildPhase;
			buildActionMask = 2147483647;
			files = (
				EDA7F564245FDF620027A569 /* LaunchScreen.storyboard in Resources */,
				EDA7F561245FDF620027A569 /* Assets.xcassets in Resources */,
				EDA7F55F245FDF5D0027A569 /* Main.storyboard in Resources */,
			);
			runOnlyForDeploymentPostprocessing = 0;
		};
/* End PBXResourcesBuildPhase section */

/* Begin PBXShellScriptBuildPhase section */
		16D244D32CD01B9FDCED18FD /* [CP] Check Pods Manifest.lock */ = {
			isa = PBXShellScriptBuildPhase;
			buildActionMask = 2147483647;
			files = (
			);
			inputFileListPaths = (
			);
			inputPaths = (
				"${PODS_PODFILE_DIR_PATH}/Podfile.lock",
				"${PODS_ROOT}/Manifest.lock",
			);
			name = "[CP] Check Pods Manifest.lock";
			outputFileListPaths = (
			);
			outputPaths = (
				"$(DERIVED_FILE_DIR)/Pods-Demo-checkManifestLockResult.txt",
			);
			runOnlyForDeploymentPostprocessing = 0;
			shellPath = /bin/sh;
			shellScript = "diff \"${PODS_PODFILE_DIR_PATH}/Podfile.lock\" \"${PODS_ROOT}/Manifest.lock\" > /dev/null\nif [ $? != 0 ] ; then\n    # print error to STDERR\n    echo \"error: The sandbox is not in sync with the Podfile.lock. Run 'pod install' or update your CocoaPods installation.\" >&2\n    exit 1\nfi\n# This output is used by Xcode 'outputs' to avoid re-running this script phase.\necho \"SUCCESS\" > \"${SCRIPT_OUTPUT_FILE_0}\"\n";
			showEnvVarsInLog = 0;
		};
		EFA9F1361E633ADCDEF723BA /* [CP] Embed Pods Frameworks */ = {
			isa = PBXShellScriptBuildPhase;
			buildActionMask = 2147483647;
			files = (
			);
			inputFileListPaths = (
				"${PODS_ROOT}/Target Support Files/Pods-Demo/Pods-Demo-frameworks-${CONFIGURATION}-input-files.xcfilelist",
			);
			name = "[CP] Embed Pods Frameworks";
			outputFileListPaths = (
				"${PODS_ROOT}/Target Support Files/Pods-Demo/Pods-Demo-frameworks-${CONFIGURATION}-output-files.xcfilelist",
			);
			runOnlyForDeploymentPostprocessing = 0;
			shellPath = /bin/sh;
			shellScript = "\"${PODS_ROOT}/Target Support Files/Pods-Demo/Pods-Demo-frameworks.sh\"\n";
			showEnvVarsInLog = 0;
		};
/* End PBXShellScriptBuildPhase section */

/* Begin PBXSourcesBuildPhase section */
		EDA7F550245FDF5D0027A569 /* Sources */ = {
			isa = PBXSourcesBuildPhase;
			buildActionMask = 2147483647;
			files = (
				ED32B9652469990300718F36 /* NoDataViewController.swift in Sources */,
				ED4B6598246C3D73008583B6 /* DashViewController.swift in Sources */,
				ED32B963246998F100718F36 /* IndicatorViewController.swift in Sources */,
				EDA7F55C245FDF5D0027A569 /* ViewController.swift in Sources */,
				ED4B659A246C459B008583B6 /* GradientViewController.swift in Sources */,
				EDA7F558245FDF5D0027A569 /* AppDelegate.swift in Sources */,
				ED4B6593246C36A1008583B6 /* ButtonViewController.swift in Sources */,
				385C5CFF246D28A700C962C0 /* CategoryViewController.swift in Sources */,
				EDA7F55A245FDF5D0027A569 /* SceneDelegate.swift in Sources */,
			);
			runOnlyForDeploymentPostprocessing = 0;
		};
/* End PBXSourcesBuildPhase section */

/* Begin PBXVariantGroup section */
		EDA7F55D245FDF5D0027A569 /* Main.storyboard */ = {
			isa = PBXVariantGroup;
			children = (
				EDA7F55E245FDF5D0027A569 /* Base */,
			);
			name = Main.storyboard;
			sourceTree = "<group>";
		};
		EDA7F562245FDF620027A569 /* LaunchScreen.storyboard */ = {
			isa = PBXVariantGroup;
			children = (
				EDA7F563245FDF620027A569 /* Base */,
			);
			name = LaunchScreen.storyboard;
			sourceTree = "<group>";
		};
/* End PBXVariantGroup section */

/* Begin XCBuildConfiguration section */
		EDA7F566245FDF620027A569 /* Debug */ = {
			isa = XCBuildConfiguration;
			buildSettings = {
				ALWAYS_SEARCH_USER_PATHS = NO;
				CLANG_ANALYZER_NONNULL = YES;
				CLANG_ANALYZER_NUMBER_OBJECT_CONVERSION = YES_AGGRESSIVE;
				CLANG_CXX_LANGUAGE_STANDARD = "gnu++14";
				CLANG_CXX_LIBRARY = "libc++";
				CLANG_ENABLE_MODULES = YES;
				CLANG_ENABLE_OBJC_ARC = YES;
				CLANG_ENABLE_OBJC_WEAK = YES;
				CLANG_WARN_BLOCK_CAPTURE_AUTORELEASING = YES;
				CLANG_WARN_BOOL_CONVERSION = YES;
				CLANG_WARN_COMMA = YES;
				CLANG_WARN_CONSTANT_CONVERSION = YES;
				CLANG_WARN_DEPRECATED_OBJC_IMPLEMENTATIONS = YES;
				CLANG_WARN_DIRECT_OBJC_ISA_USAGE = YES_ERROR;
				CLANG_WARN_DOCUMENTATION_COMMENTS = YES;
				CLANG_WARN_EMPTY_BODY = YES;
				CLANG_WARN_ENUM_CONVERSION = YES;
				CLANG_WARN_INFINITE_RECURSION = YES;
				CLANG_WARN_INT_CONVERSION = YES;
				CLANG_WARN_NON_LITERAL_NULL_CONVERSION = YES;
				CLANG_WARN_OBJC_IMPLICIT_RETAIN_SELF = YES;
				CLANG_WARN_OBJC_LITERAL_CONVERSION = YES;
				CLANG_WARN_OBJC_ROOT_CLASS = YES_ERROR;
				CLANG_WARN_RANGE_LOOP_ANALYSIS = YES;
				CLANG_WARN_STRICT_PROTOTYPES = YES;
				CLANG_WARN_SUSPICIOUS_MOVE = YES;
				CLANG_WARN_UNGUARDED_AVAILABILITY = YES_AGGRESSIVE;
				CLANG_WARN_UNREACHABLE_CODE = YES;
				CLANG_WARN__DUPLICATE_METHOD_MATCH = YES;
				COPY_PHASE_STRIP = NO;
				DEBUG_INFORMATION_FORMAT = dwarf;
				ENABLE_STRICT_OBJC_MSGSEND = YES;
				ENABLE_TESTABILITY = YES;
				GCC_C_LANGUAGE_STANDARD = gnu11;
				GCC_DYNAMIC_NO_PIC = NO;
				GCC_NO_COMMON_BLOCKS = YES;
				GCC_OPTIMIZATION_LEVEL = 0;
				GCC_PREPROCESSOR_DEFINITIONS = (
					"DEBUG=1",
					"$(inherited)",
				);
				GCC_WARN_64_TO_32_BIT_CONVERSION = YES;
				GCC_WARN_ABOUT_RETURN_TYPE = YES_ERROR;
				GCC_WARN_UNDECLARED_SELECTOR = YES;
				GCC_WARN_UNINITIALIZED_AUTOS = YES_AGGRESSIVE;
				GCC_WARN_UNUSED_FUNCTION = YES;
				GCC_WARN_UNUSED_VARIABLE = YES;
				IPHONEOS_DEPLOYMENT_TARGET = 10.2;
				MTL_ENABLE_DEBUG_INFO = INCLUDE_SOURCE;
				MTL_FAST_MATH = YES;
				ONLY_ACTIVE_ARCH = YES;
				SDKROOT = iphoneos;
				SWIFT_ACTIVE_COMPILATION_CONDITIONS = DEBUG;
				SWIFT_OPTIMIZATION_LEVEL = "-Onone";
			};
			name = Debug;
		};
		EDA7F567245FDF620027A569 /* Release */ = {
			isa = XCBuildConfiguration;
			buildSettings = {
				ALWAYS_SEARCH_USER_PATHS = NO;
				CLANG_ANALYZER_NONNULL = YES;
				CLANG_ANALYZER_NUMBER_OBJECT_CONVERSION = YES_AGGRESSIVE;
				CLANG_CXX_LANGUAGE_STANDARD = "gnu++14";
				CLANG_CXX_LIBRARY = "libc++";
				CLANG_ENABLE_MODULES = YES;
				CLANG_ENABLE_OBJC_ARC = YES;
				CLANG_ENABLE_OBJC_WEAK = YES;
				CLANG_WARN_BLOCK_CAPTURE_AUTORELEASING = YES;
				CLANG_WARN_BOOL_CONVERSION = YES;
				CLANG_WARN_COMMA = YES;
				CLANG_WARN_CONSTANT_CONVERSION = YES;
				CLANG_WARN_DEPRECATED_OBJC_IMPLEMENTATIONS = YES;
				CLANG_WARN_DIRECT_OBJC_ISA_USAGE = YES_ERROR;
				CLANG_WARN_DOCUMENTATION_COMMENTS = YES;
				CLANG_WARN_EMPTY_BODY = YES;
				CLANG_WARN_ENUM_CONVERSION = YES;
				CLANG_WARN_INFINITE_RECURSION = YES;
				CLANG_WARN_INT_CONVERSION = YES;
				CLANG_WARN_NON_LITERAL_NULL_CONVERSION = YES;
				CLANG_WARN_OBJC_IMPLICIT_RETAIN_SELF = YES;
				CLANG_WARN_OBJC_LITERAL_CONVERSION = YES;
				CLANG_WARN_OBJC_ROOT_CLASS = YES_ERROR;
				CLANG_WARN_RANGE_LOOP_ANALYSIS = YES;
				CLANG_WARN_STRICT_PROTOTYPES = YES;
				CLANG_WARN_SUSPICIOUS_MOVE = YES;
				CLANG_WARN_UNGUARDED_AVAILABILITY = YES_AGGRESSIVE;
				CLANG_WARN_UNREACHABLE_CODE = YES;
				CLANG_WARN__DUPLICATE_METHOD_MATCH = YES;
				COPY_PHASE_STRIP = NO;
				DEBUG_INFORMATION_FORMAT = "dwarf-with-dsym";
				ENABLE_NS_ASSERTIONS = NO;
				ENABLE_STRICT_OBJC_MSGSEND = YES;
				GCC_C_LANGUAGE_STANDARD = gnu11;
				GCC_NO_COMMON_BLOCKS = YES;
				GCC_WARN_64_TO_32_BIT_CONVERSION = YES;
				GCC_WARN_ABOUT_RETURN_TYPE = YES_ERROR;
				GCC_WARN_UNDECLARED_SELECTOR = YES;
				GCC_WARN_UNINITIALIZED_AUTOS = YES_AGGRESSIVE;
				GCC_WARN_UNUSED_FUNCTION = YES;
				GCC_WARN_UNUSED_VARIABLE = YES;
				IPHONEOS_DEPLOYMENT_TARGET = 10.2;
				MTL_ENABLE_DEBUG_INFO = NO;
				MTL_FAST_MATH = YES;
				SDKROOT = iphoneos;
				SWIFT_COMPILATION_MODE = wholemodule;
				SWIFT_OPTIMIZATION_LEVEL = "-O";
				VALIDATE_PRODUCT = YES;
			};
			name = Release;
		};
		EDA7F569245FDF620027A569 /* Debug */ = {
			isa = XCBuildConfiguration;
			baseConfigurationReference = C61C1DB3F683BF6722E09332 /* Pods-Demo.debug.xcconfig */;
			buildSettings = {
				ASSETCATALOG_COMPILER_APPICON_NAME = AppIcon;
				CODE_SIGN_STYLE = Automatic;
				DEVELOPMENT_TEAM = WX6A5YL8QZ;
				GCC_PREFIX_HEADER = "";
				INFOPLIST_FILE = Demo/Info.plist;
				LD_RUNPATH_SEARCH_PATHS = (
					"$(inherited)",
					"@executable_path/Frameworks",
				);
				PRODUCT_BUNDLE_IDENTIFIER = com.iloc.Demo;
				PRODUCT_NAME = "$(TARGET_NAME)";
				SWIFT_OBJC_BRIDGING_HEADER = "$(SRCROOT)/Demo/PrefixHeader.h";
				SWIFT_VERSION = 5.0;
				TARGETED_DEVICE_FAMILY = "1,2";
			};
			name = Debug;
		};
		EDA7F56A245FDF620027A569 /* Release */ = {
			isa = XCBuildConfiguration;
			baseConfigurationReference = 27C6D0CC088F5A0C2CD6C395 /* Pods-Demo.release.xcconfig */;
			buildSettings = {
				ASSETCATALOG_COMPILER_APPICON_NAME = AppIcon;
				CODE_SIGN_STYLE = Automatic;
				DEVELOPMENT_TEAM = WX6A5YL8QZ;
				GCC_PREFIX_HEADER = "";
				INFOPLIST_FILE = Demo/Info.plist;
				LD_RUNPATH_SEARCH_PATHS = (
					"$(inherited)",
					"@executable_path/Frameworks",
				);
				PRODUCT_BUNDLE_IDENTIFIER = com.iloc.Demo;
				PRODUCT_NAME = "$(TARGET_NAME)";
				SWIFT_OBJC_BRIDGING_HEADER = "$(SRCROOT)/Demo/PrefixHeader.h";
				SWIFT_VERSION = 5.0;
				TARGETED_DEVICE_FAMILY = "1,2";
			};
			name = Release;
		};
/* End XCBuildConfiguration section */

/* Begin XCConfigurationList section */
		EDA7F54F245FDF5D0027A569 /* Build configuration list for PBXProject "Demo" */ = {
			isa = XCConfigurationList;
			buildConfigurations = (
				EDA7F566245FDF620027A569 /* Debug */,
				EDA7F567245FDF620027A569 /* Release */,
			);
			defaultConfigurationIsVisible = 0;
			defaultConfigurationName = Release;
		};
		EDA7F568245FDF620027A569 /* Build configuration list for PBXNativeTarget "Demo" */ = {
			isa = XCConfigurationList;
			buildConfigurations = (
				EDA7F569245FDF620027A569 /* Debug */,
				EDA7F56A245FDF620027A569 /* Release */,
			);
			defaultConfigurationIsVisible = 0;
			defaultConfigurationName = Release;
		};
/* End XCConfigurationList section */
	};
	rootObject = EDA7F54C245FDF5D0027A569 /* Project object */;
}
